Microsoft Visual Studio Solution File, Format Version 12.00
# Visual Studio Version 17
VisualStudioVersion = 17.5.2.0
MinimumVisualStudioVersion = 10.0.40219.1
Project("{FAE04EC0-301F-11D3-BF4B-00C04F79EFBC}") = "LendCoBEAPP", "LendCoBEAPP.csproj", "{FF621F6E-99FE-ACD3-AA2C-6AB55C41F78D}"
EndProject
Global
	GlobalSection(SolutionConfigurationPlatforms) = preSolution
		Debug|Any CPU = Debug|Any CPU
		Release|Any CPU = Release|Any CPU
	EndGlobalSection
	GlobalSection(ProjectConfigurationPlatforms) = postSolution
		{FF621F6E-99FE-ACD3-AA2C-6AB55C41F78D}.Debug|Any CPU.ActiveCfg = Debug|Any CPU
		{FF621F6E-99FE-ACD3-AA2C-6AB55C41F78D}.Debug|Any CPU.Build.0 = Debug|Any CPU
		{FF621F6E-99FE-ACD3-AA2C-6AB55C41F78D}.Release|Any CPU.ActiveCfg = Release|Any CPU
		{FF621F6E-99FE-ACD3-AA2C-6AB55C41F78D}.Release|Any CPU.Build.0 = Release|Any CPU
	EndGlobalSection
	GlobalSection(SolutionProperties) = preSolution
		HideSolutionNode = FALSE
	EndGlobalSection
	GlobalSection(ExtensibilityGlobals) = postSolution
		SolutionGuid = {433F7B69-1B62-44BA-BA77-D4F95CB54D90}
	EndGlobalSection
EndGlobal
